
Microsoft Visual Studio Solution File, Format Version 10.00
# Visual Studio 2008
Project("{8BC9CEB8-8B4A-11D0-8D11-00A0C91BC942}") = "ChatClient", "ChatClient\ChatClient.vcproj", "{DFC2E465-E6C3-4998-BAAE-81E6DDFAD1DC}"
EndProject
Project("{8BC9CEB8-8B4A-11D0-8D11-00A0C91BC942}") = "ChatServer", "ChatServer\ChatServer.vcproj", "{F7EBC137-7244-4369-B500-58D196C2318C}"
EndProject
Global
	GlobalSection(SolutionConfigurationPlatforms) = preSolution
		Debug|Win32 = Debug|Win32
		Release|Win32 = Release|Win32
	EndGlobalSection
	GlobalSection(ProjectConfigurationPlatforms) = postSolution
		{DFC2E465-E6C3-4998-BAAE-81E6DDFAD1DC}.Debug|Win32.ActiveCfg = Debug|Win32
		{DFC2E465-E6C3-4998-BAAE-81E6DDFAD1DC}.Debug|Win32.Build.0 = Debug|Win32
		{DFC2E465-E6C3-4998-BAAE-81E6DDFAD1DC}.Release|Win32.ActiveCfg = Release|Win32
		{DFC2E465-E6C3-4998-BAAE-81E6DDFAD1DC}.Release|Win32.Build.0 = Release|Win32
		{F7EBC137-7244-4369-B500-58D196C2318C}.Debug|Win32.ActiveCfg = Debug|Win32
		{F7EBC137-7244-4369-B500-58D196C2318C}.Debug|Win32.Build.0 = Debug|Win32
		{F7EBC137-7244-4369-B500-58D196C2318C}.Release|Win32.ActiveCfg = Release|Win32
		{F7EBC137-7244-4369-B500-58D196C2318C}.Release|Win32.Build.0 = Release|Win32
	EndGlobalSection
	GlobalSection(SolutionProperties) = preSolution
		HideSolutionNode = FALSE
	EndGlobalSection
EndGlobal
